// !$*UTF8*$!
{
	archiveVersion = 1;
	classes = {
	};
	objectVersion = 46;
	objects = {

/* Begin PBXBuildFile section */
		03616A291665E9B100A873D3 /* default.png in Resources */ = {isa = PBXBuildFile; fileRef = 03616A281665E9B100A873D3 /* default.png */; };
		03616A2B1665EBD000A873D3 /* geoloqal_icon.png in Resources */ = {isa = PBXBuildFile; fileRef = 03616A2A1665EBD000A873D3 /* geoloqal_icon.png */; };
		03A88E32164144070011E627 /* MapKit.framework in Frameworks */ = {isa = PBXBuildFile; fileRef = 03A88E31164144070011E627 /* MapKit.framework */; };
		03DB3B701670961E007AE2E0 /* geoloqallogo.png in Resources */ = {isa = PBXBuildFile; fileRef = 03DB3B6F1670961E007AE2E0 /* geoloqallogo.png */; };
		CE80C3301681F58200A71740 /* libGeoLoqal.a in Frameworks */ = {isa = PBXBuildFile; fileRef = CE80C32F1681F58200A71740 /* libGeoLoqal.a */; };
		CEB771DD164001DE00CE49D4 /* UIKit.framework in Frameworks */ = {isa = PBXBuildFile; fileRef = CEB771DC164001DE00CE49D4 /* UIKit.framework */; };
		CEB771DF164001DE00CE49D4 /* Foundation.framework in Frameworks */ = {isa = PBXBuildFile; fileRef = CEB771DE164001DE00CE49D4 /* Foundation.framework */; };
		CEB771E1164001DE00CE49D4 /* CoreGraphics.framework in Frameworks */ = {isa = PBXBuildFile; fileRef = CEB771E0164001DE00CE49D4 /* CoreGraphics.framework */; };
		CEB771E7164001DE00CE49D4 /* InfoPlist.strings in Resources */ = {isa = PBXBuildFile; fileRef = CEB771E5164001DE00CE49D4 /* InfoPlist.strings */; };
		CEB771E9164001DE00CE49D4 /* main.m in Sources */ = {isa = PBXBuildFile; fileRef = CEB771E8164001DE00CE49D4 /* main.m */; };
		CEB771ED164001DE00CE49D4 /* GeoLoqalTestAppDelegate.m in Sources */ = {isa = PBXBuildFile; fileRef = CEB771EC164001DE00CE49D4 /* GeoLoqalTestAppDelegate.m */; };
		CEB771F0164001DE00CE49D4 /* GeoLoqalTestViewController.m in Sources */ = {isa = PBXBuildFile; fileRef = CEB771EF164001DE00CE49D4 /* GeoLoqalTestViewController.m */; };
		CEB771F3164001DE00CE49D4 /* GeoLoqalTestViewController.xib in Resources */ = {isa = PBXBuildFile; fileRef = CEB771F1164001DE00CE49D4 /* GeoLoqalTestViewController.xib */; };
		CEB771FF1640022000CE49D4 /* CoreLocation.framework in Frameworks */ = {isa = PBXBuildFile; fileRef = CEB771FE1640022000CE49D4 /* CoreLocation.framework */; };
/* End PBXBuildFile section */

/* Begin PBXFileReference section */
		03616A281665E9B100A873D3 /* default.png */ = {isa = PBXFileReference; lastKnownFileType = image.png; path = default.png; sourceTree = "<group>"; };
		03616A2A1665EBD000A873D3 /* geoloqal_icon.png */ = {isa = PBXFileReference; lastKnownFileType = image.png; path = geoloqal_icon.png; sourceTree = "<group>"; };
		03A88E31164144070011E627 /* MapKit.framework */ = {isa = PBXFileReference; lastKnownFileType = wrapper.framework; name = MapKit.framework; path = System/Library/Frameworks/MapKit.framework; sourceTree = SDKROOT; };
		03DB3B6F1670961E007AE2E0 /* geoloqallogo.png */ = {isa = PBXFileReference; lastKnownFileType = image.png; path = geoloqallogo.png; sourceTree = "<group>"; };
		CE80C32E1681F2F400A71740 /* GLLocationManager.h */ = {isa = PBXFileReference; fileEncoding = 4; lastKnownFileType = sourcecode.c.h; path = GLLocationManager.h; sourceTree = "<group>"; };
		CE80C32F1681F58200A71740 /* libGeoLoqal.a */ = {isa = PBXFileReference; lastKnownFileType = archive.ar; path = libGeoLoqal.a; sourceTree = "<group>"; };
		CEB771D8164001DE00CE49D4 /* GeoLoqalTest.app */ = {isa = PBXFileReference; explicitFileType = wrapper.application; includeInIndex = 0; path = GeoLoqalTest.app; sourceTree = BUILT_PRODUCTS_DIR; };
		CEB771DC164001DE00CE49D4 /* UIKit.framework */ = {isa = PBXFileReference; lastKnownFileType = wrapper.framework; name = UIKit.framework; path = System/Library/Frameworks/UIKit.framework; sourceTree = SDKROOT; };
		CEB771DE164001DE00CE49D4 /* Foundation.framework */ = {isa = PBXFileReference; lastKnownFileType = wrapper.framework; name = Foundation.framework; path = System/Library/Frameworks/Foundation.framework; sourceTree = SDKROOT; };
		CEB771E0164001DE00CE49D4 /* CoreGraphics.framework */ = {isa = PBXFileReference; lastKnownFileType = wrapper.framework; name = CoreGraphics.framework; path = System/Library/Frameworks/CoreGraphics.framework; sourceTree = SDKROOT; };
		CEB771E4164001DE00CE49D4 /* GeoLoqalTest-Info.plist */ = {isa = PBXFileReference; lastKnownFileType = text.plist.xml; path = "GeoLoqalTest-Info.plist"; sourceTree = "<group>"; };
		CEB771E6164001DE00CE49D4 /* en */ = {isa = PBXFileReference; lastKnownFileType = text.plist.strings; name = en; path = en.lproj/InfoPlist.strings; sourceTree = "<group>"; };
		CEB771E8164001DE00CE49D4 /* main.m */ = {isa = PBXFileReference; lastKnownFileType = sourcecode.c.objc; path = main.m; sourceTree = "<group>"; };
		CEB771EA164001DE00CE49D4 /* GeoLoqalTest-Prefix.pch */ = {isa = PBXFileReference; lastKnownFileType = sourcecode.c.h; path = "GeoLoqalTest-Prefix.pch"; sourceTree = "<group>"; };
		CEB771EB164001DE00CE49D4 /* GeoLoqalTestAppDelegate.h */ = {isa = PBXFileReference; lastKnownFileType = sourcecode.c.h; path = GeoLoqalTestAppDelegate.h; sourceTree = "<group>"; };
		CEB771EC164001DE00CE49D4 /* GeoLoqalTestAppDelegate.m */ = {isa = PBXFileReference; lastKnownFileType = sourcecode.c.objc; path = GeoLoqalTestAppDelegate.m; sourceTree = "<group>"; };
		CEB771EE164001DE00CE49D4 /* GeoLoqalTestViewController.h */ = {isa = PBXFileReference; lastKnownFileType = sourcecode.c.h; path = GeoLoqalTestViewController.h; sourceTree = "<group>"; };
		CEB771EF164001DE00CE49D4 /* GeoLoqalTestViewController.m */ = {isa = PBXFileReference; lastKnownFileType = sourcecode.c.objc; path = GeoLoqalTestViewController.m; sourceTree = "<group>"; };
		CEB771F2164001DE00CE49D4 /* en */ = {isa = PBXFileReference; lastKnownFileType = file.xib; name = en; path = en.lproj/GeoLoqalTestViewController.xib; sourceTree = "<group>"; };
		CEB771FE1640022000CE49D4 /* CoreLocation.framework */ = {isa = PBXFileReference; lastKnownFileType = wrapper.framework; name = CoreLocation.framework; path = System/Library/Frameworks/CoreLocation.framework; sourceTree = SDKROOT; };
/* End PBXFileReference section */

/* Begin PBXFrameworksBuildPhase section */
		CEB771D5164001DE00CE49D4 /* Frameworks */ = {
			isa = PBXFrameworksBuildPhase;
			buildActionMask = 2147483647;
			files = (
				03A88E32164144070011E627 /* MapKit.framework in Frameworks */,
				CEB771FF1640022000CE49D4 /* CoreLocation.framework in Frameworks */,
				CEB771DD164001DE00CE49D4 /* UIKit.framework in Frameworks */,
				CEB771DF164001DE00CE49D4 /* Foundation.framework in Frameworks */,
				CEB771E1164001DE00CE49D4 /* CoreGraphics.framework in Frameworks */,
				CE80C3301681F58200A71740 /* libGeoLoqal.a in Frameworks */,
			);
			runOnlyForDeploymentPostprocessing = 0;
		};
/* End PBXFrameworksBuildPhase section */

/* Begin PBXGroup section */
		CEB771CD164001DE00CE49D4 = {
			isa = PBXGroup;
			children = (
				CEB771E2164001DE00CE49D4 /* GeoLoqalTest */,
				CEB771DB164001DE00CE49D4 /* Frameworks */,
				CEB771D9164001DE00CE49D4 /* Products */,
			);
			sourceTree = "<group>";
		};
		CEB771D9164001DE00CE49D4 /* Products */ = {
			isa = PBXGroup;
			children = (
				CEB771D8164001DE00CE49D4 /* GeoLoqalTest.app */,
			);
			name = Products;
			sourceTree = "<group>";
		};
		CEB771DB164001DE00CE49D4 /* Frameworks */ = {
			isa = PBXGroup;
			children = (
				03A88E31164144070011E627 /* MapKit.framework */,
				CEB771FE1640022000CE49D4 /* CoreLocation.framework */,
				CEB771DC164001DE00CE49D4 /* UIKit.framework */,
				CEB771DE164001DE00CE49D4 /* Foundation.framework */,
				CEB771E0164001DE00CE49D4 /* CoreGraphics.framework */,
			);
			name = Frameworks;
			sourceTree = "<group>";
		};
		CEB771E2164001DE00CE49D4 /* GeoLoqalTest */ = {
			isa = PBXGroup;
			children = (
				03DB3B6F1670961E007AE2E0 /* geoloqallogo.png */,
				CEB771FB164001F200CE49D4 /* GeoLoqal SDK */,
				CEB771EB164001DE00CE49D4 /* GeoLoqalTestAppDelegate.h */,
				CEB771EC164001DE00CE49D4 /* GeoLoqalTestAppDelegate.m */,
				CEB771EE164001DE00CE49D4 /* GeoLoqalTestViewController.h */,
				CEB771EF164001DE00CE49D4 /* GeoLoqalTestViewController.m */,
				CEB771F1164001DE00CE49D4 /* GeoLoqalTestViewController.xib */,
				CEB771E3164001DE00CE49D4 /* Supporting Files */,
			);
			path = GeoLoqalTest;
			sourceTree = "<group>";
		};
		CEB771E3164001DE00CE49D4 /* Supporting Files */ = {
			isa = PBXGroup;
			children = (
				03616A2A1665EBD000A873D3 /* geoloqal_icon.png */,
				03616A281665E9B100A873D3 /* default.png */,
				CEB771E4164001DE00CE49D4 /* GeoLoqalTest-Info.plist */,
				CEB771E5164001DE00CE49D4 /* InfoPlist.strings */,
				CEB771E8164001DE00CE49D4 /* main.m */,
				CEB771EA164001DE00CE49D4 /* GeoLoqalTest-Prefix.pch */,
			);
			name = "Supporting Files";
			sourceTree = "<group>";
		};
		CEB771FB164001F200CE49D4 /* GeoLoqal SDK */ = {
			isa = PBXGroup;
			children = (
				CE80C32F1681F58200A71740 /* libGeoLoqal.a */,
				CE80C32E1681F2F400A71740 /* GLLocationManager.h */,
			);
			name = "GeoLoqal SDK";
			sourceTree = "<group>";
		};
/* End PBXGroup section */

/* Begin PBXNativeTarget section */
		CEB771D7164001DE00CE49D4 /* GeoLoqalTest */ = {
			isa = PBXNativeTarget;
			buildConfigurationList = CEB771F6164001DE00CE49D4 /* Build configuration list for PBXNativeTarget "GeoLoqalTest" */;
			buildPhases = (
				CEB771D4164001DE00CE49D4 /* Sources */,
				CEB771D5164001DE00CE49D4 /* Frameworks */,
				CEB771D6164001DE00CE49D4 /* Resources */,
			);
			buildRules = (
			);
			dependencies = (
			);
			name = GeoLoqalTest;
			productName = GeoLoqalTest;
			productReference = CEB771D8164001DE00CE49D4 /* GeoLoqalTest.app */;
			productType = "com.apple.product-type.application";
		};
/* End PBXNativeTarget section */

/* Begin PBXProject section */
		CEB771CF164001DE00CE49D4 /* Project object */ = {
			isa = PBXProject;
			attributes = {
				LastUpgradeCheck = 0420;
			};
			buildConfigurationList = CEB771D2164001DE00CE49D4 /* Build configuration list for PBXProject "GeoLoqalTest" */;
			compatibilityVersion = "Xcode 3.2";
			developmentRegion = English;
			hasScannedForEncodings = 0;
			knownRegions = (
				en,
			);
			mainGroup = CEB771CD164001DE00CE49D4;
			productRefGroup = CEB771D9164001DE00CE49D4 /* Products */;
			projectDirPath = "";
			projectRoot = "";
			targets = (
				CEB771D7164001DE00CE49D4 /* GeoLoqalTest */,
			);
		};
/* End PBXProject section */

/* Begin PBXResourcesBuildPhase section */
		CEB771D6164001DE00CE49D4 /* Resources */ = {
			isa = PBXResourcesBuildPhase;
			buildActionMask = 2147483647;
			files = (
				CEB771E7164001DE00CE49D4 /* InfoPlist.strings in Resources */,
				CEB771F3164001DE00CE49D4 /* GeoLoqalTestViewController.xib in Resources */,
				03616A291665E9B100A873D3 /* default.png in Resources */,
				03616A2B1665EBD000A873D3 /* geoloqal_icon.png in Resources */,
				03DB3B701670961E007AE2E0 /* geoloqallogo.png in Resources */,
			);
			runOnlyForDeploymentPostprocessing = 0;
		};
/* End PBXResourcesBuildPhase section */

/* Begin PBXSourcesBuildPhase section */
		CEB771D4164001DE00CE49D4 /* Sources */ = {
			isa = PBXSourcesBuildPhase;
			buildActionMask = 2147483647;
			files = (
				CEB771E9164001DE00CE49D4 /* main.m in Sources */,
				CEB771ED164001DE00CE49D4 /* GeoLoqalTestAppDelegate.m in Sources */,
				CEB771F0164001DE00CE49D4 /* GeoLoqalTestViewController.m in Sources */,
			);
			runOnlyForDeploymentPostprocessing = 0;
		};
/* End PBXSourcesBuildPhase section */

/* Begin PBXVariantGroup section */
		CEB771E5164001DE00CE49D4 /* InfoPlist.strings */ = {
			isa = PBXVariantGroup;
			children = (
				CEB771E6164001DE00CE49D4 /* en */,
			);
			name = InfoPlist.strings;
			sourceTree = "<group>";
		};
		CEB771F1164001DE00CE49D4 /* GeoLoqalTestViewController.xib */ = {
			isa = PBXVariantGroup;
			children = (
				CEB771F2164001DE00CE49D4 /* en */,
			);
			name = GeoLoqalTestViewController.xib;
			sourceTree = "<group>";
		};
/* End PBXVariantGroup section */

/* Begin XCBuildConfiguration section */
		CEB771F4164001DE00CE49D4 /* Debug */ = {
			isa = XCBuildConfiguration;
			buildSettings = {
				ALWAYS_SEARCH_USER_PATHS = NO;
				ARCHS = "$(ARCHS_STANDARD_32_BIT)";
				CLANG_ENABLE_OBJC_ARC = YES;
				"CODE_SIGN_IDENTITY[sdk=iphoneos*]" = "iPhone Developer";
				COPY_PHASE_STRIP = NO;
				GCC_C_LANGUAGE_STANDARD = gnu99;
				GCC_DYNAMIC_NO_PIC = NO;
				GCC_OPTIMIZATION_LEVEL = 0;
				GCC_PREPROCESSOR_DEFINITIONS = (
					"DEBUG=1",
					"$(inherited)",
				);
				GCC_SYMBOLS_PRIVATE_EXTERN = NO;
				GCC_VERSION = com.apple.compilers.llvm.clang.1_0;
				GCC_WARN_ABOUT_MISSING_PROTOTYPES = YES;
				GCC_WARN_ABOUT_RETURN_TYPE = YES;
				GCC_WARN_UNUSED_VARIABLE = YES;
				IPHONEOS_DEPLOYMENT_TARGET = 5.0;
				SDKROOT = iphoneos;
			};
			name = Debug;
		};
		CEB771F5164001DE00CE49D4 /* Release */ = {
			isa = XCBuildConfiguration;
			buildSettings = {
				ALWAYS_SEARCH_USER_PATHS = NO;
				ARCHS = "$(ARCHS_STANDARD_32_BIT)";
				CLANG_ENABLE_OBJC_ARC = YES;
				"CODE_SIGN_IDENTITY[sdk=iphoneos*]" = "iPhone Developer";
				COPY_PHASE_STRIP = YES;
				GCC_C_LANGUAGE_STANDARD = gnu99;
				GCC_VERSION = com.apple.compilers.llvm.clang.1_0;
				GCC_WARN_ABOUT_MISSING_PROTOTYPES = YES;
				GCC_WARN_ABOUT_RETURN_TYPE = YES;
				GCC_WARN_UNUSED_VARIABLE = YES;
				IPHONEOS_DEPLOYMENT_TARGET = 5.0;
				OTHER_CFLAGS = "-DNS_BLOCK_ASSERTIONS=1";
				SDKROOT = iphoneos;
				VALIDATE_PRODUCT = YES;
			};
			name = Release;
		};
		CEB771F7164001DE00CE49D4 /* Debug */ = {
			isa = XCBuildConfiguration;
			buildSettings = {
				GCC_PRECOMPILE_PREFIX_HEADER = YES;
				GCC_PREFIX_HEADER = "GeoLoqalTest/GeoLoqalTest-Prefix.pch";
				INFOPLIST_FILE = "GeoLoqalTest/GeoLoqalTest-Info.plist";
				LIBRARY_SEARCH_PATHS = (
					"$(inherited)",
					"\"$(SRCROOT)/GeoLoqalTest\"",
					"\"/Users/cobisystems/Library/Developer/Xcode/DerivedData/GeoLoqal-fsccwrvbhwyxcielbfphkoacejmj/Build/Products/Release-iphoneos\"",
					"\"/Users/cobisystems/Library/Developer/Xcode/DerivedData/GeoLoqal-fsccwrvbhwyxcielbfphkoacejmj/Build/Products\"",
					"\"/Users/cobisystems/Library/Developer/Xcode/DerivedData/GeoLoqal-bmrfebqnuppiggcovseiibklnady/Build/Products/Release-iphonesimulator\"",
				);
				OTHER_LDFLAGS = "-licucore";
				PRODUCT_NAME = "$(TARGET_NAME)";
				WRAPPER_EXTENSION = app;
			};
			name = Debug;
		};
		CEB771F8164001DE00CE49D4 /* Release */ = {
			isa = XCBuildConfiguration;
			buildSettings = {
				GCC_PRECOMPILE_PREFIX_HEADER = YES;
				GCC_PREFIX_HEADER = "GeoLoqalTest/GeoLoqalTest-Prefix.pch";
				INFOPLIST_FILE = "GeoLoqalTest/GeoLoqalTest-Info.plist";
				LIBRARY_SEARCH_PATHS = (
					"$(inherited)",
					"\"$(SRCROOT)/GeoLoqalTest\"",
					"\"/Users/cobisystems/Library/Developer/Xcode/DerivedData/GeoLoqal-fsccwrvbhwyxcielbfphkoacejmj/Build/Products/Release-iphoneos\"",
					"\"/Users/cobisystems/Library/Developer/Xcode/DerivedData/GeoLoqal-fsccwrvbhwyxcielbfphkoacejmj/Build/Products\"",
					"\"/Users/cobisystems/Library/Developer/Xcode/DerivedData/GeoLoqal-bmrfebqnuppiggcovseiibklnady/Build/Products/Release-iphonesimulator\"",
				);
				OTHER_LDFLAGS = "-licucore";
				PRODUCT_NAME = "$(TARGET_NAME)";
				WRAPPER_EXTENSION = app;
			};
			name = Release;
		};
/* End XCBuildConfiguration section */

/* Begin XCConfigurationList section */
		CEB771D2164001DE00CE49D4 /* Build configuration list for PBXProject "GeoLoqalTest" */ = {
			isa = XCConfigurationList;
			buildConfigurations = (
				CEB771F4164001DE00CE49D4 /* Debug */,
				CEB771F5164001DE00CE49D4 /* Release */,
			);
			defaultConfigurationIsVisible = 0;
			defaultConfigurationName = Release;
		};
		CEB771F6164001DE00CE49D4 /* Build configuration list for PBXNativeTarget "GeoLoqalTest" */ = {
			isa = XCConfigurationList;
			buildConfigurations = (
				CEB771F7164001DE00CE49D4 /* Debug */,
				CEB771F8164001DE00CE49D4 /* Release */,
			);
			defaultConfigurationIsVisible = 0;
			defaultConfigurationName = Release;
		};
/* End XCConfigurationList section */
	};
	rootObject = CEB771CF164001DE00CE49D4 /* Project object */;
}
